
Microsoft Visual Studio Solution File, Format Version 12.00
# Visual Studio Version 16
VisualStudioVersion = 16.0.31129.286
MinimumVisualStudioVersion = 10.0.40219.1
Project("{FAE04EC0-301F-11D3-BF4B-00C04F79EFBC}") = "WebAPIdemo", "WebAPIdemo\WebAPIdemo.csproj", "{992A5C26-9A43-4625-8D70-28B5B3BE4D88}"
EndProject
Global
	GlobalSection(SolutionConfigurationPlatforms) = preSolution
		Debug|Any CPU = Debug|Any CPU
		Release|Any CPU = Release|Any CPU
	EndGlobalSection
	GlobalSection(ProjectConfigurationPlatforms) = postSolution
		{992A5C26-9A43-4625-8D70-28B5B3BE4D88}.Debug|Any CPU.ActiveCfg = Debug|Any CPU
		{992A5C26-9A43-4625-8D70-28B5B3BE4D88}.Debug|Any CPU.Build.0 = Debug|Any CPU
		{992A5C26-9A43-4625-8D70-28B5B3BE4D88}.Release|Any CPU.ActiveCfg = Release|Any CPU
		{992A5C26-9A43-4625-8D70-28B5B3BE4D88}.Release|Any CPU.Build.0 = Release|Any CPU
	EndGlobalSection
	GlobalSection(SolutionProperties) = preSolution
		HideSolutionNode = FALSE
	EndGlobalSection
	GlobalSection(ExtensibilityGlobals) = postSolution
		SolutionGuid = {172662FF-289C-42CE-90AB-484DBCF75152}
	EndGlobalSection
EndGlobal
